
Microsoft Visual Studio Solution File, Format Version 12.00
# Visual Studio Version 17
VisualStudioVersion = 17.5.002.0
MinimumVisualStudioVersion = 10.0.40219.1
Project("{9A19103F-16F7-4668-BE54-9A1E7A4F7556}") = "DesafioPOO", "DesafioPOO.csproj", "{8FC82988-30FA-4C24-AD5E-7FEEF4BB2D3F}"
EndProject
Global
	GlobalSection(SolutionConfigurationPlatforms) = preSolution
		Debug|Any CPU = Debug|Any CPU
		Release|Any CPU = Release|Any CPU
	EndGlobalSection
	GlobalSection(ProjectConfigurationPlatforms) = postSolution
		{8FC82988-30FA-4C24-AD5E-7FEEF4BB2D3F}.Debug|Any CPU.ActiveCfg = Debug|Any CPU
		{8FC82988-30FA-4C24-AD5E-7FEEF4BB2D3F}.Debug|Any CPU.Build.0 = Debug|Any CPU
		{8FC82988-30FA-4C24-AD5E-7FEEF4BB2D3F}.Release|Any CPU.ActiveCfg = Release|Any CPU
		{8FC82988-30FA-4C24-AD5E-7FEEF4BB2D3F}.Release|Any CPU.Build.0 = Release|Any CPU
	EndGlobalSection
	GlobalSection(SolutionProperties) = preSolution
		HideSolutionNode = FALSE
	EndGlobalSection
	GlobalSection(ExtensibilityGlobals) = postSolution
		SolutionGuid = {3F1C1009-B6D4-4DE8-B5C4-1152412610E1}
	EndGlobalSection
EndGlobal
