
Microsoft Visual Studio Solution File, Format Version 12.00
# Visual Studio Version 17
VisualStudioVersion = 17.5.002.0
MinimumVisualStudioVersion = 10.0.40219.1
Project("{9A19103F-16F7-4668-BE54-9A1E7A4F7556}") = "Explorando Análise de Recursos Humanos com Desafios de Código em C#", "Explorando Análise de Recursos Humanos com Desafios de Código em C#.csproj", "{4AC4E051-246E-414F-A897-B1949A2F12C1}"
EndProject
Global
	GlobalSection(SolutionConfigurationPlatforms) = preSolution
		Debug|Any CPU = Debug|Any CPU
		Release|Any CPU = Release|Any CPU
	EndGlobalSection
	GlobalSection(ProjectConfigurationPlatforms) = postSolution
		{4AC4E051-246E-414F-A897-B1949A2F12C1}.Debug|Any CPU.ActiveCfg = Debug|Any CPU
		{4AC4E051-246E-414F-A897-B1949A2F12C1}.Debug|Any CPU.Build.0 = Debug|Any CPU
		{4AC4E051-246E-414F-A897-B1949A2F12C1}.Release|Any CPU.ActiveCfg = Release|Any CPU
		{4AC4E051-246E-414F-A897-B1949A2F12C1}.Release|Any CPU.Build.0 = Release|Any CPU
	EndGlobalSection
	GlobalSection(SolutionProperties) = preSolution
		HideSolutionNode = FALSE
	EndGlobalSection
	GlobalSection(ExtensibilityGlobals) = postSolution
		SolutionGuid = {0E4FCB02-B1D1-4625-9D2B-363D583945E4}
	EndGlobalSection
EndGlobal
