
Microsoft Visual Studio Solution File, Format Version 12.00
# Visual Studio Version 17
VisualStudioVersion = 17.5.002.0
MinimumVisualStudioVersion = 10.0.40219.1
Project("{9A19103F-16F7-4668-BE54-9A1E7A4F7556}") = "DesafioProjetoHospedagem", "DesafioProjetoHospedagem.csproj", "{7683AA0F-28F7-40AA-AE49-579A5B52E7B8}"
EndProject
Global
	GlobalSection(SolutionConfigurationPlatforms) = preSolution
		Debug|Any CPU = Debug|Any CPU
		Release|Any CPU = Release|Any CPU
	EndGlobalSection
	GlobalSection(ProjectConfigurationPlatforms) = postSolution
		{7683AA0F-28F7-40AA-AE49-579A5B52E7B8}.Debug|Any CPU.ActiveCfg = Debug|Any CPU
		{7683AA0F-28F7-40AA-AE49-579A5B52E7B8}.Debug|Any CPU.Build.0 = Debug|Any CPU
		{7683AA0F-28F7-40AA-AE49-579A5B52E7B8}.Release|Any CPU.ActiveCfg = Release|Any CPU
		{7683AA0F-28F7-40AA-AE49-579A5B52E7B8}.Release|Any CPU.Build.0 = Release|Any CPU
	EndGlobalSection
	GlobalSection(SolutionProperties) = preSolution
		HideSolutionNode = FALSE
	EndGlobalSection
	GlobalSection(ExtensibilityGlobals) = postSolution
		SolutionGuid = {68CC800F-FC1C-4097-A255-C39166DE40D3}
	EndGlobalSection
EndGlobal
