
Microsoft Visual Studio Solution File, Format Version 12.00
# Visual Studio Version 17
VisualStudioVersion = 17.5.002.0
MinimumVisualStudioVersion = 10.0.40219.1
Project("{9A19103F-16F7-4668-BE54-9A1E7A4F7556}") = "DesafioPOO", "C#\DesafioPOO.csproj", "{3665F7B9-A0E2-4F66-9A14-16BA6456AC73}"
EndProject
Global
	GlobalSection(SolutionConfigurationPlatforms) = preSolution
		Debug|Any CPU = Debug|Any CPU
		Release|Any CPU = Release|Any CPU
	EndGlobalSection
	GlobalSection(ProjectConfigurationPlatforms) = postSolution
		{3665F7B9-A0E2-4F66-9A14-16BA6456AC73}.Debug|Any CPU.ActiveCfg = Debug|Any CPU
		{3665F7B9-A0E2-4F66-9A14-16BA6456AC73}.Debug|Any CPU.Build.0 = Debug|Any CPU
		{3665F7B9-A0E2-4F66-9A14-16BA6456AC73}.Release|Any CPU.ActiveCfg = Release|Any CPU
		{3665F7B9-A0E2-4F66-9A14-16BA6456AC73}.Release|Any CPU.Build.0 = Release|Any CPU
	EndGlobalSection
	GlobalSection(SolutionProperties) = preSolution
		HideSolutionNode = FALSE
	EndGlobalSection
	GlobalSection(ExtensibilityGlobals) = postSolution
		SolutionGuid = {250AE468-021C-4130-8B81-C692D861FA0B}
	EndGlobalSection
EndGlobal
